
Microsoft Visual Studio Solution File, Format Version 12.00
# Visual Studio Version 17
VisualStudioVersion = 17.0.31903.59
MinimumVisualStudioVersion = 10.0.40219.1
Project("{2150E333-8FDC-42A3-9474-1A3956D46DE8}") = "src", "src", "{827E0CD3-B72D-47B6-A68D-7590B98EB39B}"
EndProject
Project("{FAE04EC0-301F-11D3-BF4B-00C04F79EFBC}") = "Fullview.Domain", "src\Fullview.Domain\Fullview.Domain.csproj", "{2F655937-AAF0-4C87-B228-082439A544C5}"
EndProject
Project("{FAE04EC0-301F-11D3-BF4B-00C04F79EFBC}") = "Fullview.Rendering", "src\Fullview.Rendering\Fullview.Rendering.csproj", "{F3A35B70-7D66-4258-A6AD-8EA410BBC691}"
EndProject
Project("{FAE04EC0-301F-11D3-BF4B-00C04F79EFBC}") = "Fullview.Api", "src\Fullview.Api\Fullview.Api.csproj", "{6BA8410B-B8AF-4C55-BAE2-645BC8E07A82}"
EndProject
Project("{FAE04EC0-301F-11D3-BF4B-00C04F79EFBC}") = "Fullview.Infra", "src\Fullview.Infra\Fullview.Infra.csproj", "{3DD033C6-0382-4FC3-8BB5-E2EA44C9DA21}"
EndProject
Project("{FAE04EC0-301F-11D3-BF4B-00C04F79EFBC}") = "Fullview.Device", "src\Fullview.Device\Fullview.Device.csproj", "{141B6767-47A3-457A-A481-397D92A087F2}"
EndProject
Project("{2150E333-8FDC-42A3-9474-1A3956D46DE8}") = "tests", "tests", "{0AB3BF05-4346-4AA6-1389-037BE0695223}"
EndProject
Project("{FAE04EC0-301F-11D3-BF4B-00C04F79EFBC}") = "Fullview.Domain.Tests", "tests\Fullview.Domain.Tests\Fullview.Domain.Tests.csproj", "{369144AD-5FFE-452C-A73B-7F5AB64ABB9E}"
EndProject
Project("{FAE04EC0-301F-11D3-BF4B-00C04F79EFBC}") = "Fullview.Rendering.Tests", "tests\Fullview.Rendering.Tests\Fullview.Rendering.Tests.csproj", "{CCF883E6-1AC2-4A7A-AD5C-5BB2925BC3A3}"
EndProject
Project("{FAE04EC0-301F-11D3-BF4B-00C04F79EFBC}") = "Fullview.Api.Tests", "tests\Fullview.Api.Tests\Fullview.Api.Tests.csproj", "{41AB591F-29A1-4CC1-8CC4-BBEF73F87CA5}"
EndProject
Project("{FAE04EC0-301F-11D3-BF4B-00C04F79EFBC}") = "Fullview.Device.Tests", "tests\Fullview.Device.Tests\Fullview.Device.Tests.csproj", "{8BB09B55-A30F-4AE3-ADF1-AB3E1701A4BD}"
EndProject
Project("{2150E333-8FDC-42A3-9474-1A3956D46DE8}") = "tools", "tools", "{0670F9C5-C0F6-48BE-8FD4-9F823D1662C4}"
EndProject
Project("{FAE04EC0-301F-11D3-BF4B-00C04F79EFBC}") = "SeedData", "tools\seed-data\SeedData.csproj", "{9A78B939-60E3-4FFF-838B-06E390AF2FA0}"
EndProject
Global
	GlobalSection(SolutionConfigurationPlatforms) = preSolution
		Debug|Any CPU = Debug|Any CPU
		Debug|x64 = Debug|x64
		Debug|x86 = Debug|x86
		Release|Any CPU = Release|Any CPU
		Release|x64 = Release|x64
		Release|x86 = Release|x86
	EndGlobalSection
	GlobalSection(ProjectConfigurationPlatforms) = postSolution
		{2F655937-AAF0-4C87-B228-082439A544C5}.Debug|Any CPU.ActiveCfg = Debug|Any CPU
		{2F655937-AAF0-4C87-B228-082439A544C5}.Debug|Any CPU.Build.0 = Debug|Any CPU
		{2F655937-AAF0-4C87-B228-082439A544C5}.Debug|x64.ActiveCfg = Debug|Any CPU
		{2F655937-AAF0-4C87-B228-082439A544C5}.Debug|x64.Build.0 = Debug|Any CPU
		{2F655937-AAF0-4C87-B228-082439A544C5}.Debug|x86.ActiveCfg = Debug|Any CPU
		{2F655937-AAF0-4C87-B228-082439A544C5}.Debug|x86.Build.0 = Debug|Any CPU
		{2F655937-AAF0-4C87-B228-082439A544C5}.Release|Any CPU.ActiveCfg = Release|Any CPU
		{2F655937-AAF0-4C87-B228-082439A544C5}.Release|Any CPU.Build.0 = Release|Any CPU
		{2F655937-AAF0-4C87-B228-082439A544C5}.Release|x64.ActiveCfg = Release|Any CPU
		{2F655937-AAF0-4C87-B228-082439A544C5}.Release|x64.Build.0 = Release|Any CPU
		{2F655937-AAF0-4C87-B228-082439A544C5}.Release|x86.ActiveCfg = Release|Any CPU
		{2F655937-AAF0-4C87-B228-082439A544C5}.Release|x86.Build.0 = Release|Any CPU
		{F3A35B70-7D66-4258-A6AD-8EA410BBC691}.Debug|Any CPU.ActiveCfg = Debug|Any CPU
		{F3A35B70-7D66-4258-A6AD-8EA410BBC691}.Debug|Any CPU.Build.0 = Debug|Any CPU
		{F3A35B70-7D66-4258-A6AD-8EA410BBC691}.Debug|x64.ActiveCfg = Debug|Any CPU
		{F3A35B70-7D66-4258-A6AD-8EA410BBC691}.Debug|x64.Build.0 = Debug|Any CPU
		{F3A35B70-7D66-4258-A6AD-8EA410BBC691}.Debug|x86.ActiveCfg = Debug|Any CPU
		{F3A35B70-7D66-4258-A6AD-8EA410BBC691}.Debug|x86.Build.0 = Debug|Any CPU
		{F3A35B70-7D66-4258-A6AD-8EA410BBC691}.Release|Any CPU.ActiveCfg = Release|Any CPU
		{F3A35B70-7D66-4258-A6AD-8EA410BBC691}.Release|Any CPU.Build.0 = Release|Any CPU
		{F3A35B70-7D66-4258-A6AD-8EA410BBC691}.Release|x64.ActiveCfg = Release|Any CPU
		{F3A35B70-7D66-4258-A6AD-8EA410BBC691}.Release|x64.Build.0 = Release|Any CPU
		{F3A35B70-7D66-4258-A6AD-8EA410BBC691}.Release|x86.ActiveCfg = Release|Any CPU
		{F3A35B70-7D66-4258-A6AD-8EA410BBC691}.Release|x86.Build.0 = Release|Any CPU
		{6BA8410B-B8AF-4C55-BAE2-645BC8E07A82}.Debug|Any CPU.ActiveCfg = Debug|Any CPU
		{6BA8410B-B8AF-4C55-BAE2-645BC8E07A82}.Debug|Any CPU.Build.0 = Debug|Any CPU
		{6BA8410B-B8AF-4C55-BAE2-645BC8E07A82}.Debug|x64.ActiveCfg = Debug|Any CPU
		{6BA8410B-B8AF-4C55-BAE2-645BC8E07A82}.Debug|x64.Build.0 = Debug|Any CPU
		{6BA8410B-B8AF-4C55-BAE2-645BC8E07A82}.Debug|x86.ActiveCfg = Debug|Any CPU
		{6BA8410B-B8AF-4C55-BAE2-645BC8E07A82}.Debug|x86.Build.0 = Debug|Any CPU
		{6BA8410B-B8AF-4C55-BAE2-645BC8E07A82}.Release|Any CPU.ActiveCfg = Release|Any CPU
		{6BA8410B-B8AF-4C55-BAE2-645BC8E07A82}.Release|Any CPU.Build.0 = Release|Any CPU
		{6BA8410B-B8AF-4C55-BAE2-645BC8E07A82}.Release|x64.ActiveCfg = Release|Any CPU
		{6BA8410B-B8AF-4C55-BAE2-645BC8E07A82}.Release|x64.Build.0 = Release|Any CPU
		{6BA8410B-B8AF-4C55-BAE2-645BC8E07A82}.Release|x86.ActiveCfg = Release|Any CPU
		{6BA8410B-B8AF-4C55-BAE2-645BC8E07A82}.Release|x86.Build.0 = Release|Any CPU
		{3DD033C6-0382-4FC3-8BB5-E2EA44C9DA21}.Debug|Any CPU.ActiveCfg = Debug|Any CPU
		{3DD033C6-0382-4FC3-8BB5-E2EA44C9DA21}.Debug|Any CPU.Build.0 = Debug|Any CPU
		{3DD033C6-0382-4FC3-8BB5-E2EA44C9DA21}.Debug|x64.ActiveCfg = Debug|Any CPU
		{3DD033C6-0382-4FC3-8BB5-E2EA44C9DA21}.Debug|x64.Build.0 = Debug|Any CPU
		{3DD033C6-0382-4FC3-8BB5-E2EA44C9DA21}.Debug|x86.ActiveCfg = Debug|Any CPU
		{3DD033C6-0382-4FC3-8BB5-E2EA44C9DA21}.Debug|x86.Build.0 = Debug|Any CPU
		{3DD033C6-0382-4FC3-8BB5-E2EA44C9DA21}.Release|Any CPU.ActiveCfg = Release|Any CPU
		{3DD033C6-0382-4FC3-8BB5-E2EA44C9DA21}.Release|Any CPU.Build.0 = Release|Any CPU
		{3DD033C6-0382-4FC3-8BB5-E2EA44C9DA21}.Release|x64.ActiveCfg = Release|Any CPU
		{3DD033C6-0382-4FC3-8BB5-E2EA44C9DA21}.Release|x64.Build.0 = Release|Any CPU
		{3DD033C6-0382-4FC3-8BB5-E2EA44C9DA21}.Release|x86.ActiveCfg = Release|Any CPU
		{3DD033C6-0382-4FC3-8BB5-E2EA44C9DA21}.Release|x86.Build.0 = Release|Any CPU
		{141B6767-47A3-457A-A481-397D92A087F2}.Debug|Any CPU.ActiveCfg = Debug|Any CPU
		{141B6767-47A3-457A-A481-397D92A087F2}.Debug|Any CPU.Build.0 = Debug|Any CPU
		{141B6767-47A3-457A-A481-397D92A087F2}.Debug|x64.ActiveCfg = Debug|Any CPU
		{141B6767-47A3-457A-A481-397D92A087F2}.Debug|x64.Build.0 = Debug|Any CPU
		{141B6767-47A3-457A-A481-397D92A087F2}.Debug|x86.ActiveCfg = Debug|Any CPU
		{141B6767-47A3-457A-A481-397D92A087F2}.Debug|x86.Build.0 = Debug|Any CPU
		{141B6767-47A3-457A-A481-397D92A087F2}.Release|Any CPU.ActiveCfg = Release|Any CPU
		{141B6767-47A3-457A-A481-397D92A087F2}.Release|Any CPU.Build.0 = Release|Any CPU
		{141B6767-47A3-457A-A481-397D92A087F2}.Release|x64.ActiveCfg = Release|Any CPU
		{141B6767-47A3-457A-A481-397D92A087F2}.Release|x64.Build.0 = Release|Any CPU
		{141B6767-47A3-457A-A481-397D92A087F2}.Release|x86.ActiveCfg = Release|Any CPU
		{141B6767-47A3-457A-A481-397D92A087F2}.Release|x86.Build.0 = Release|Any CPU
		{369144AD-5FFE-452C-A73B-7F5AB64ABB9E}.Debug|Any CPU.ActiveCfg = Debug|Any CPU
		{369144AD-5FFE-452C-A73B-7F5AB64ABB9E}.Debug|Any CPU.Build.0 = Debug|Any CPU
		{369144AD-5FFE-452C-A73B-7F5AB64ABB9E}.Debug|x64.ActiveCfg = Debug|Any CPU
		{369144AD-5FFE-452C-A73B-7F5AB64ABB9E}.Debug|x64.Build.0 = Debug|Any CPU
		{369144AD-5FFE-452C-A73B-7F5AB64ABB9E}.Debug|x86.ActiveCfg = Debug|Any CPU
		{369144AD-5FFE-452C-A73B-7F5AB64ABB9E}.Debug|x86.Build.0 = Debug|Any CPU
		{369144AD-5FFE-452C-A73B-7F5AB64ABB9E}.Release|Any CPU.ActiveCfg = Release|Any CPU
		{369144AD-5FFE-452C-A73B-7F5AB64ABB9E}.Release|Any CPU.Build.0 = Release|Any CPU
		{369144AD-5FFE-452C-A73B-7F5AB64ABB9E}.Release|x64.ActiveCfg = Release|Any CPU
		{369144AD-5FFE-452C-A73B-7F5AB64ABB9E}.Release|x64.Build.0 = Release|Any CPU
		{369144AD-5FFE-452C-A73B-7F5AB64ABB9E}.Release|x86.ActiveCfg = Release|Any CPU
		{369144AD-5FFE-452C-A73B-7F5AB64ABB9E}.Release|x86.Build.0 = Release|Any CPU
		{CCF883E6-1AC2-4A7A-AD5C-5BB2925BC3A3}.Debug|Any CPU.ActiveCfg = Debug|Any CPU
		{CCF883E6-1AC2-4A7A-AD5C-5BB2925BC3A3}.Debug|Any CPU.Build.0 = Debug|Any CPU
		{CCF883E6-1AC2-4A7A-AD5C-5BB2925BC3A3}.Debug|x64.ActiveCfg = Debug|Any CPU
		{CCF883E6-1AC2-4A7A-AD5C-5BB2925BC3A3}.Debug|x64.Build.0 = Debug|Any CPU
		{CCF883E6-1AC2-4A7A-AD5C-5BB2925BC3A3}.Debug|x86.ActiveCfg = Debug|Any CPU
		{CCF883E6-1AC2-4A7A-AD5C-5BB2925BC3A3}.Debug|x86.Build.0 = Debug|Any CPU
		{CCF883E6-1AC2-4A7A-AD5C-5BB2925BC3A3}.Release|Any CPU.ActiveCfg = Release|Any CPU
		{CCF883E6-1AC2-4A7A-AD5C-5BB2925BC3A3}.Release|Any CPU.Build.0 = Release|Any CPU
		{CCF883E6-1AC2-4A7A-AD5C-5BB2925BC3A3}.Release|x64.ActiveCfg = Release|Any CPU
		{CCF883E6-1AC2-4A7A-AD5C-5BB2925BC3A3}.Release|x64.Build.0 = Release|Any CPU
		{CCF883E6-1AC2-4A7A-AD5C-5BB2925BC3A3}.Release|x86.ActiveCfg = Release|Any CPU
		{CCF883E6-1AC2-4A7A-AD5C-5BB2925BC3A3}.Release|x86.Build.0 = Release|Any CPU
		{41AB591F-29A1-4CC1-8CC4-BBEF73F87CA5}.Debug|Any CPU.ActiveCfg = Debug|Any CPU
		{41AB591F-29A1-4CC1-8CC4-BBEF73F87CA5}.Debug|Any CPU.Build.0 = Debug|Any CPU
		{41AB591F-29A1-4CC1-8CC4-BBEF73F87CA5}.Debug|x64.ActiveCfg = Debug|Any CPU
		{41AB591F-29A1-4CC1-8CC4-BBEF73F87CA5}.Debug|x64.Build.0 = Debug|Any CPU
		{41AB591F-29A1-4CC1-8CC4-BBEF73F87CA5}.Debug|x86.ActiveCfg = Debug|Any CPU
		{41AB591F-29A1-4CC1-8CC4-BBEF73F87CA5}.Debug|x86.Build.0 = Debug|Any CPU
		{41AB591F-29A1-4CC1-8CC4-BBEF73F87CA5}.Release|Any CPU.ActiveCfg = Release|Any CPU
		{41AB591F-29A1-4CC1-8CC4-BBEF73F87CA5}.Release|Any CPU.Build.0 = Release|Any CPU
		{41AB591F-29A1-4CC1-8CC4-BBEF73F87CA5}.Release|x64.ActiveCfg = Release|Any CPU
		{41AB591F-29A1-4CC1-8CC4-BBEF73F87CA5}.Release|x64.Build.0 = Release|Any CPU
		{41AB591F-29A1-4CC1-8CC4-BBEF73F87CA5}.Release|x86.ActiveCfg = Release|Any CPU
		{41AB591F-29A1-4CC1-8CC4-BBEF73F87CA5}.Release|x86.Build.0 = Release|Any CPU
		{8BB09B55-A30F-4AE3-ADF1-AB3E1701A4BD}.Debug|Any CPU.ActiveCfg = Debug|Any CPU
		{8BB09B55-A30F-4AE3-ADF1-AB3E1701A4BD}.Debug|Any CPU.Build.0 = Debug|Any CPU
		{8BB09B55-A30F-4AE3-ADF1-AB3E1701A4BD}.Debug|x64.ActiveCfg = Debug|Any CPU
		{8BB09B55-A30F-4AE3-ADF1-AB3E1701A4BD}.Debug|x64.Build.0 = Debug|Any CPU
		{8BB09B55-A30F-4AE3-ADF1-AB3E1701A4BD}.Debug|x86.ActiveCfg = Debug|Any CPU
		{8BB09B55-A30F-4AE3-ADF1-AB3E1701A4BD}.Debug|x86.Build.0 = Debug|Any CPU
		{8BB09B55-A30F-4AE3-ADF1-AB3E1701A4BD}.Release|Any CPU.ActiveCfg = Release|Any CPU
		{8BB09B55-A30F-4AE3-ADF1-AB3E1701A4BD}.Release|Any CPU.Build.0 = Release|Any CPU
		{8BB09B55-A30F-4AE3-ADF1-AB3E1701A4BD}.Release|x64.ActiveCfg = Release|Any CPU
		{8BB09B55-A30F-4AE3-ADF1-AB3E1701A4BD}.Release|x64.Build.0 = Release|Any CPU
		{8BB09B55-A30F-4AE3-ADF1-AB3E1701A4BD}.Release|x86.ActiveCfg = Release|Any CPU
		{8BB09B55-A30F-4AE3-ADF1-AB3E1701A4BD}.Release|x86.Build.0 = Release|Any CPU
		{9A78B939-60E3-4FFF-838B-06E390AF2FA0}.Debug|Any CPU.ActiveCfg = Debug|Any CPU
		{9A78B939-60E3-4FFF-838B-06E390AF2FA0}.Debug|Any CPU.Build.0 = Debug|Any CPU
		{9A78B939-60E3-4FFF-838B-06E390AF2FA0}.Debug|x64.ActiveCfg = Debug|Any CPU
		{9A78B939-60E3-4FFF-838B-06E390AF2FA0}.Debug|x64.Build.0 = Debug|Any CPU
		{9A78B939-60E3-4FFF-838B-06E390AF2FA0}.Debug|x86.ActiveCfg = Debug|Any CPU
		{9A78B939-60E3-4FFF-838B-06E390AF2FA0}.Debug|x86.Build.0 = Debug|Any CPU
		{9A78B939-60E3-4FFF-838B-06E390AF2FA0}.Release|Any CPU.ActiveCfg = Release|Any CPU
		{9A78B939-60E3-4FFF-838B-06E390AF2FA0}.Release|Any CPU.Build.0 = Release|Any CPU
		{9A78B939-60E3-4FFF-838B-06E390AF2FA0}.Release|x64.ActiveCfg = Release|Any CPU
		{9A78B939-60E3-4FFF-838B-06E390AF2FA0}.Release|x64.Build.0 = Release|Any CPU
		{9A78B939-60E3-4FFF-838B-06E390AF2FA0}.Release|x86.ActiveCfg = Release|Any CPU
		{9A78B939-60E3-4FFF-838B-06E390AF2FA0}.Release|x86.Build.0 = Release|Any CPU
	EndGlobalSection
	GlobalSection(SolutionProperties) = preSolution
		HideSolutionNode = FALSE
	EndGlobalSection
	GlobalSection(NestedProjects) = preSolution
		{2F655937-AAF0-4C87-B228-082439A544C5} = {827E0CD3-B72D-47B6-A68D-7590B98EB39B}
		{F3A35B70-7D66-4258-A6AD-8EA410BBC691} = {827E0CD3-B72D-47B6-A68D-7590B98EB39B}
		{6BA8410B-B8AF-4C55-BAE2-645BC8E07A82} = {827E0CD3-B72D-47B6-A68D-7590B98EB39B}
		{3DD033C6-0382-4FC3-8BB5-E2EA44C9DA21} = {827E0CD3-B72D-47B6-A68D-7590B98EB39B}
		{141B6767-47A3-457A-A481-397D92A087F2} = {827E0CD3-B72D-47B6-A68D-7590B98EB39B}
		{369144AD-5FFE-452C-A73B-7F5AB64ABB9E} = {0AB3BF05-4346-4AA6-1389-037BE0695223}
		{CCF883E6-1AC2-4A7A-AD5C-5BB2925BC3A3} = {0AB3BF05-4346-4AA6-1389-037BE0695223}
		{41AB591F-29A1-4CC1-8CC4-BBEF73F87CA5} = {0AB3BF05-4346-4AA6-1389-037BE0695223}
		{8BB09B55-A30F-4AE3-ADF1-AB3E1701A4BD} = {0AB3BF05-4346-4AA6-1389-037BE0695223}
		{9A78B939-60E3-4FFF-838B-06E390AF2FA0} = {0670F9C5-C0F6-48BE-8FD4-9F823D1662C4}
	EndGlobalSection
EndGlobal
